
Microsoft Visual Studio Solution File, Format Version 12.00
# Visual Studio Version 16
VisualStudioVersion = 16.0.33214.272
MinimumVisualStudioVersion = 10.0.40219.1
Project("{FAE04EC0-301F-11D3-BF4B-00C04F79EFBC}") = "Laboratorio03_", "Laboratorio03_\Laboratorio03_.csproj", "{7AE668FB-4125-4FBD-B80D-73867E5691DA}"
EndProject
Global
	GlobalSection(SolutionConfigurationPlatforms) = preSolution
		Debug|Any CPU = Debug|Any CPU
		Release|Any CPU = Release|Any CPU
	EndGlobalSection
	GlobalSection(ProjectConfigurationPlatforms) = postSolution
		{7AE668FB-4125-4FBD-B80D-73867E5691DA}.Debug|Any CPU.ActiveCfg = Debug|Any CPU
		{7AE668FB-4125-4FBD-B80D-73867E5691DA}.Debug|Any CPU.Build.0 = Debug|Any CPU
		{7AE668FB-4125-4FBD-B80D-73867E5691DA}.Release|Any CPU.ActiveCfg = Release|Any CPU
		{7AE668FB-4125-4FBD-B80D-73867E5691DA}.Release|Any CPU.Build.0 = Release|Any CPU
	EndGlobalSection
	GlobalSection(SolutionProperties) = preSolution
		HideSolutionNode = FALSE
	EndGlobalSection
	GlobalSection(ExtensibilityGlobals) = postSolution
		SolutionGuid = {B04ECC4D-5C02-4A17-8A5E-747F0CB8E154}
	EndGlobalSection
EndGlobal
